{
    "_readme": [
        "This file locks the dependencies of your project to a known state",
        "Read more about it at https://getcomposer.org/doc/01-basic-usage.md#composer-lock-the-lock-file",
        "This file is @generated automatically"
    ],
    "hash": "81cdf5b7bc493bb89ec4200153a167a8",
    "content-hash": "78ade5ccd0d8f859461b96240e052ed9",
    "packages": [
        {
            "name": "endroid/qrcode",
            "version": "1.5.7",
            "source": {
                "type": "git",
                "url": "https://github.com/endroid/QrCode.git",
                "reference": "7b32cc5e4bd2f5e5191382926b18001b7cd78695"
            },
            "dist": {
                "type": "zip",
                "url": "https://api.github.com/repos/endroid/QrCode/zipball/7b32cc5e4bd2f5e5191382926b18001b7cd78695",
                "reference": "7b32cc5e4bd2f5e5191382926b18001b7cd78695",
                "shasum": ""
            },
            "require": {
                "ext-gd": "*",
                "php": ">=5.3.0"
            },
            "type": "library",
            "extra": {
                "branch-alias": {
                    "dev-master": "1.x-dev"
                }
            },
            "autoload": {
                "psr-4": {
                    "Endroid\\QrCode\\": "src/"
                }
            },
            "notification-url": "https://packagist.org/downloads/",
            "license": [
                "MIT"
            ],
            "authors": [
                {
                    "name": "Jeroen van den Enden",
                    "email": "info@endroid.nl",
                    "homepage": "http://endroid.nl/"
                }
            ],
            "description": "Endroid QR Code",
            "homepage": "https://github.com/endroid/QrCode",
            "keywords": [
                "code",
                "endroid",
                "qr",
                "qrcode"
            ],
            "time": "2016-01-01 19:08:49"
        },
        {
            "name": "rych/otp",
            "version": "v1.1.1",
            "source": {
                "type": "git",
                "url": "https://github.com/rchouinard/rych-otp.git",
                "reference": "b3c7fc11284c546cd291f14fb383a7d49ab23832"
            },
            "dist": {
                "type": "zip",
                "url": "https://api.github.com/repos/rchouinard/rych-otp/zipball/b3c7fc11284c546cd291f14fb383a7d49ab23832",
                "reference": "b3c7fc11284c546cd291f14fb383a7d49ab23832",
                "shasum": ""
            },
            "require": {
                "ext-hash": "*",
                "php": ">=5.3.4",
                "rych/random": "0.1.*"
            },
            "require-dev": {
                "phpunit/phpunit": "~4.7",
                "satooshi/php-coveralls": "~0.6"
            },
            "type": "library",
            "autoload": {
                "psr-4": {
                    "Rych\\OTP\\": "src/"
                }
            },
            "notification-url": "https://packagist.org/downloads/",
            "license": [
                "MIT"
            ],
            "authors": [
                {
                    "name": "Ryan Chouinard",
                    "email": "rchouinard@gmail.com",
                    "homepage": "http://ryanchouinard.com"
                }
            ],
            "description": "PHP implementation of the OATH one-time password standards",
            "homepage": "https://github.com/rchouinard/rych-otp",
            "keywords": [
                "hotp",
                "oath",
                "otp",
                "rfc4226",
                "rfc6238",
                "security",
                "totp"
            ],
            "time": "2015-06-30 03:38:02"
        },
        {
            "name": "rych/random",
            "version": "v0.1.0",
            "target-dir": "Rych/Random",
            "source": {
                "type": "git",
                "url": "https://github.com/rchouinard/rych-random.git",
                "reference": "c728202f2ba60cf158a711c751979006944c4ec5"
            },
            "dist": {
                "type": "zip",
                "url": "https://api.github.com/repos/rchouinard/rych-random/zipball/c728202f2ba60cf158a711c751979006944c4ec5",
                "reference": "c728202f2ba60cf158a711c751979006944c4ec5",
                "shasum": ""
            },
            "require": {
                "php": ">=5.3.4"
            },
            "require-dev": {
                "fabpot/php-cs-fixer": "0.4.*@dev",
                "phpunit/phpunit": "3.7.*",
                "satooshi/php-coveralls": "dev-master"
            },
            "suggest": {
                "ext-mcrypt": "*",
                "ext-openssl": "*"
            },
            "type": "library",
            "extra": {
                "branch-alias": {
                    "dev-master": "1.0-dev"
                }
            },
            "autoload": {
                "psr-0": {
                    "Rych\\Random": ""
                }
            },
            "notification-url": "https://packagist.org/downloads/",
            "license": [
                "MIT"
            ],
            "authors": [
                {
                    "name": "Ryan Chouinard",
                    "email": "rchouinard@gmail.com",
                    "homepage": "http://ryanchouinard.com"
                }
            ],
            "description": "Random data generator for PHP",
            "homepage": "https://github.com/rchouinard/rych-random",
            "keywords": [
                "cryptography",
                "random"
            ],
            "time": "2013-11-12 03:36:50"
        }
    ],
    "packages-dev": [],
    "aliases": [],
    "minimum-stability": "stable",
    "stability-flags": [],
    "prefer-stable": false,
    "prefer-lowest": false,
    "platform": [],
    "platform-dev": []
}
